
Microsoft Visual Studio Solution File, Format Version 12.00
# Visual Studio Version 17
VisualStudioVersion = 17.5.002.0
MinimumVisualStudioVersion = 10.0.40219.1
Project("{9A19103F-16F7-4668-BE54-9A1E7A4F7556}") = "estagio2", "estagio2.csproj", "{BE9FFCBE-1347-4AFA-834E-A1A5ED8D98DB}"
EndProject
Global
	GlobalSection(SolutionConfigurationPlatforms) = preSolution
		Debug|Any CPU = Debug|Any CPU
		Release|Any CPU = Release|Any CPU
	EndGlobalSection
	GlobalSection(ProjectConfigurationPlatforms) = postSolution
		{BE9FFCBE-1347-4AFA-834E-A1A5ED8D98DB}.Debug|Any CPU.ActiveCfg = Debug|Any CPU
		{BE9FFCBE-1347-4AFA-834E-A1A5ED8D98DB}.Debug|Any CPU.Build.0 = Debug|Any CPU
		{BE9FFCBE-1347-4AFA-834E-A1A5ED8D98DB}.Release|Any CPU.ActiveCfg = Release|Any CPU
		{BE9FFCBE-1347-4AFA-834E-A1A5ED8D98DB}.Release|Any CPU.Build.0 = Release|Any CPU
	EndGlobalSection
	GlobalSection(SolutionProperties) = preSolution
		HideSolutionNode = FALSE
	EndGlobalSection
	GlobalSection(ExtensibilityGlobals) = postSolution
		SolutionGuid = {F95A3AD2-9E14-49D0-9C9C-DE40D4207F1D}
	EndGlobalSection
EndGlobal
